
Microsoft Visual Studio Solution File, Format Version 12.00
# Visual Studio Version 16
VisualStudioVersion = 16.0.31019.35
MinimumVisualStudioVersion = 10.0.40219.1
Project("{8BC9CEB8-8B4A-11D0-8D11-00A0C91BC942}") = "Kernel Object Handle Ex", "Kernel Object Handle Ex\Kernel Object Handle Ex.vcxproj", "{1359B210-F0FD-43EE-AE45-E0495631A324}"
EndProject
Project("{8BC9CEB8-8B4A-11D0-8D11-00A0C91BC942}") = "PriorityTest1", "PriorityTest1\PriorityTest1.vcxproj", "{9738917A-069B-4346-B605-1F90D67624C1}"
EndProject
Project("{8BC9CEB8-8B4A-11D0-8D11-00A0C91BC942}") = "PriorityTest2", "PriorityTest2\PriorityTest2.vcxproj", "{2B3A76C5-415A-4BA1-BD28-BA43D131409B}"
EndProject
Project("{8BC9CEB8-8B4A-11D0-8D11-00A0C91BC942}") = "KernelObjShareEx", "KernelObjShareEx\KernelObjShareEx.vcxproj", "{4680B2DB-F6B2-492D-B39F-C7ACFD80744E}"
EndProject
Global
	GlobalSection(SolutionConfigurationPlatforms) = preSolution
		Debug|x64 = Debug|x64
		Debug|x86 = Debug|x86
		Release|x64 = Release|x64
		Release|x86 = Release|x86
	EndGlobalSection
	GlobalSection(ProjectConfigurationPlatforms) = postSolution
		{1359B210-F0FD-43EE-AE45-E0495631A324}.Debug|x64.ActiveCfg = Debug|x64
		{1359B210-F0FD-43EE-AE45-E0495631A324}.Debug|x64.Build.0 = Debug|x64
		{1359B210-F0FD-43EE-AE45-E0495631A324}.Debug|x86.ActiveCfg = Debug|Win32
		{1359B210-F0FD-43EE-AE45-E0495631A324}.Debug|x86.Build.0 = Debug|Win32
		{1359B210-F0FD-43EE-AE45-E0495631A324}.Release|x64.ActiveCfg = Release|x64
		{1359B210-F0FD-43EE-AE45-E0495631A324}.Release|x64.Build.0 = Release|x64
		{1359B210-F0FD-43EE-AE45-E0495631A324}.Release|x86.ActiveCfg = Release|Win32
		{1359B210-F0FD-43EE-AE45-E0495631A324}.Release|x86.Build.0 = Release|Win32
		{9738917A-069B-4346-B605-1F90D67624C1}.Debug|x64.ActiveCfg = Debug|x64
		{9738917A-069B-4346-B605-1F90D67624C1}.Debug|x64.Build.0 = Debug|x64
		{9738917A-069B-4346-B605-1F90D67624C1}.Debug|x86.ActiveCfg = Debug|Win32
		{9738917A-069B-4346-B605-1F90D67624C1}.Debug|x86.Build.0 = Debug|Win32
		{9738917A-069B-4346-B605-1F90D67624C1}.Release|x64.ActiveCfg = Release|x64
		{9738917A-069B-4346-B605-1F90D67624C1}.Release|x64.Build.0 = Release|x64
		{9738917A-069B-4346-B605-1F90D67624C1}.Release|x86.ActiveCfg = Release|Win32
		{9738917A-069B-4346-B605-1F90D67624C1}.Release|x86.Build.0 = Release|Win32
		{2B3A76C5-415A-4BA1-BD28-BA43D131409B}.Debug|x64.ActiveCfg = Debug|x64
		{2B3A76C5-415A-4BA1-BD28-BA43D131409B}.Debug|x64.Build.0 = Debug|x64
		{2B3A76C5-415A-4BA1-BD28-BA43D131409B}.Debug|x86.ActiveCfg = Debug|Win32
		{2B3A76C5-415A-4BA1-BD28-BA43D131409B}.Debug|x86.Build.0 = Debug|Win32
		{2B3A76C5-415A-4BA1-BD28-BA43D131409B}.Release|x64.ActiveCfg = Release|x64
		{2B3A76C5-415A-4BA1-BD28-BA43D131409B}.Release|x64.Build.0 = Release|x64
		{2B3A76C5-415A-4BA1-BD28-BA43D131409B}.Release|x86.ActiveCfg = Release|Win32
		{2B3A76C5-415A-4BA1-BD28-BA43D131409B}.Release|x86.Build.0 = Release|Win32
		{4680B2DB-F6B2-492D-B39F-C7ACFD80744E}.Debug|x64.ActiveCfg = Debug|x64
		{4680B2DB-F6B2-492D-B39F-C7ACFD80744E}.Debug|x64.Build.0 = Debug|x64
		{4680B2DB-F6B2-492D-B39F-C7ACFD80744E}.Debug|x86.ActiveCfg = Debug|Win32
		{4680B2DB-F6B2-492D-B39F-C7ACFD80744E}.Debug|x86.Build.0 = Debug|Win32
		{4680B2DB-F6B2-492D-B39F-C7ACFD80744E}.Release|x64.ActiveCfg = Release|x64
		{4680B2DB-F6B2-492D-B39F-C7ACFD80744E}.Release|x64.Build.0 = Release|x64
		{4680B2DB-F6B2-492D-B39F-C7ACFD80744E}.Release|x86.ActiveCfg = Release|Win32
		{4680B2DB-F6B2-492D-B39F-C7ACFD80744E}.Release|x86.Build.0 = Release|Win32
	EndGlobalSection
	GlobalSection(SolutionProperties) = preSolution
		HideSolutionNode = FALSE
	EndGlobalSection
	GlobalSection(ExtensibilityGlobals) = postSolution
		SolutionGuid = {9B8FCF53-F775-4287-8DDD-26AF73E50F10}
	EndGlobalSection
EndGlobal
